// !$*UTF8*$!
{
	archiveVersion = 1;
	classes = {
	};
	objectVersion = 50;
	objects = {

/* Begin PBXBuildFile section */
		DBC7655320C7459B00D66822 /* AppDelegate.swift in Sources */ = {isa = PBXBuildFile; fileRef = DBC7655220C7459B00D66822 /* AppDelegate.swift */; };
		DBC7655520C7459B00D66822 /* ViewController.swift in Sources */ = {isa = PBXBuildFile; fileRef = DBC7655420C7459B00D66822 /* ViewController.swift */; };
		DBC7655820C7459B00D66822 /* Main.storyboard in Resources */ = {isa = PBXBuildFile; fileRef = DBC7655620C7459B00D66822 /* Main.storyboard */; };
		DBC7655A20C7459D00D66822 /* Assets.xcassets in Resources */ = {isa = PBXBuildFile; fileRef = DBC7655920C7459D00D66822 /* Assets.xcassets */; };
		DBC7655D20C7459D00D66822 /* LaunchScreen.storyboard in Resources */ = {isa = PBXBuildFile; fileRef = DBC7655B20C7459D00D66822 /* LaunchScreen.storyboard */; };
/* End PBXBuildFile section */

/* Begin PBXFileReference section */
		DBC7654F20C7459B00D66822 /* iOS12-Natural-Language-Recognizer.app */ = {isa = PBXFileReference; explicitFileType = wrapper.application; includeInIndex = 0; path = "iOS12-Natural-Language-Recognizer.app"; sourceTree = BUILT_PRODUCTS_DIR; };
		DBC7655220C7459B00D66822 /* AppDelegate.swift */ = {isa = PBXFileReference; lastKnownFileType = sourcecode.swift; path = AppDelegate.swift; sourceTree = "<group>"; };
		DBC7655420C7459B00D66822 /* ViewController.swift */ = {isa = PBXFileReference; lastKnownFileType = sourcecode.swift; path = ViewController.swift; sourceTree = "<group>"; };
		DBC7655720C7459B00D66822 /* Base */ = {isa = PBXFileReference; lastKnownFileType = file.storyboard; name = Base; path = Base.lproj/Main.storyboard; sourceTree = "<group>"; };
		DBC7655920C7459D00D66822 /* Assets.xcassets */ = {isa = PBXFileReference; lastKnownFileType = folder.assetcatalog; path = Assets.xcassets; sourceTree = "<group>"; };
		DBC7655C20C7459D00D66822 /* Base */ = {isa = PBXFileReference; lastKnownFileType = file.storyboard; name = Base; path = Base.lproj/LaunchScreen.storyboard; sourceTree = "<group>"; };
		DBC7655E20C7459D00D66822 /* Info.plist */ = {isa = PBXFileReference; lastKnownFileType = text.plist.xml; path = Info.plist; sourceTree = "<group>"; };
/* End PBXFileReference section */

/* Begin PBXFrameworksBuildPhase section */
		DBC7654C20C7459B00D66822 /* Frameworks */ = {
			isa = PBXFrameworksBuildPhase;
			buildActionMask = 2147483647;
			files = (
			);
			runOnlyForDeploymentPostprocessing = 0;
		};
/* End PBXFrameworksBuildPhase section */

/* Begin PBXGroup section */
		DBC7654620C7459B00D66822 = {
			isa = PBXGroup;
			children = (
				DBC7655120C7459B00D66822 /* iOS12-Natural-Language-Recognizer */,
				DBC7655020C7459B00D66822 /* Products */,
			);
			sourceTree = "<group>";
		};
		DBC7655020C7459B00D66822 /* Products */ = {
			isa = PBXGroup;
			children = (
				DBC7654F20C7459B00D66822 /* iOS12-Natural-Language-Recognizer.app */,
			);
			name = Products;
			sourceTree = "<group>";
		};
		DBC7655120C7459B00D66822 /* iOS12-Natural-Language-Recognizer */ = {
			isa = PBXGroup;
			children = (
				DBC7655220C7459B00D66822 /* AppDelegate.swift */,
				DBC7655420C7459B00D66822 /* ViewController.swift */,
				DBC7655620C7459B00D66822 /* Main.storyboard */,
				DBC7655920C7459D00D66822 /* Assets.xcassets */,
				DBC7655B20C7459D00D66822 /* LaunchScreen.storyboard */,
				DBC7655E20C7459D00D66822 /* Info.plist */,
			);
			path = "iOS12-Natural-Language-Recognizer";
			sourceTree = "<group>";
		};
/* End PBXGroup section */

/* Begin PBXNativeTarget section */
		DBC7654E20C7459B00D66822 /* iOS12-Natural-Language-Recognizer */ = {
			isa = PBXNativeTarget;
			buildConfigurationList = DBC7656120C7459D00D66822 /* Build configuration list for PBXNativeTarget "iOS12-Natural-Language-Recognizer" */;
			buildPhases = (
				DBC7654B20C7459B00D66822 /* Sources */,
				DBC7654C20C7459B00D66822 /* Frameworks */,
				DBC7654D20C7459B00D66822 /* Resources */,
			);
			buildRules = (
			);
			dependencies = (
			);
			name = "iOS12-Natural-Language-Recognizer";
			productName = "iOS12-Natural-Language-Recognizer";
			productReference = DBC7654F20C7459B00D66822 /* iOS12-Natural-Language-Recognizer.app */;
			productType = "com.apple.product-type.application";
		};
/* End PBXNativeTarget section */

/* Begin PBXProject section */
		DBC7654720C7459B00D66822 /* Project object */ = {
			isa = PBXProject;
			attributes = {
				LastSwiftUpdateCheck = 1000;
				LastUpgradeCheck = 1000;
				ORGANIZATIONNAME = "Hans Knöchel";
				TargetAttributes = {
					DBC7654E20C7459B00D66822 = {
						CreatedOnToolsVersion = 10.0;
					};
				};
			};
			buildConfigurationList = DBC7654A20C7459B00D66822 /* Build configuration list for PBXProject "iOS12-Natural-Language-Recognizer" */;
			compatibilityVersion = "Xcode 9.3";
			developmentRegion = en;
			hasScannedForEncodings = 0;
			knownRegions = (
				en,
				Base,
			);
			mainGroup = DBC7654620C7459B00D66822;
			productRefGroup = DBC7655020C7459B00D66822 /* Products */;
			projectDirPath = "";
			projectRoot = "";
			targets = (
				DBC7654E20C7459B00D66822 /* iOS12-Natural-Language-Recognizer */,
			);
		};
/* End PBXProject section */

/* Begin PBXResourcesBuildPhase section */
		DBC7654D20C7459B00D66822 /* Resources */ = {
			isa = PBXResourcesBuildPhase;
			buildActionMask = 2147483647;
			files = (
				DBC7655D20C7459D00D66822 /* LaunchScreen.storyboard in Resources */,
				DBC7655A20C7459D00D66822 /* Assets.xcassets in Resources */,
				DBC7655820C7459B00D66822 /* Main.storyboard in Resources */,
			);
			runOnlyForDeploymentPostprocessing = 0;
		};
/* End PBXResourcesBuildPhase section */

/* Begin PBXSourcesBuildPhase section */
		DBC7654B20C7459B00D66822 /* Sources */ = {
			isa = PBXSourcesBuildPhase;
			buildActionMask = 2147483647;
			files = (
				DBC7655520C7459B00D66822 /* ViewController.swift in Sources */,
				DBC7655320C7459B00D66822 /* AppDelegate.swift in Sources */,
			);
			runOnlyForDeploymentPostprocessing = 0;
		};
/* End PBXSourcesBuildPhase section */

/* Begin PBXVariantGroup section */
		DBC7655620C7459B00D66822 /* Main.storyboard */ = {
			isa = PBXVariantGroup;
			children = (
				DBC7655720C7459B00D66822 /* Base */,
			);
			name = Main.storyboard;
			sourceTree = "<group>";
		};
		DBC7655B20C7459D00D66822 /* LaunchScreen.storyboard */ = {
			isa = PBXVariantGroup;
			children = (
				DBC7655C20C7459D00D66822 /* Base */,
			);
			name = LaunchScreen.storyboard;
			sourceTree = "<group>";
		};
/* End PBXVariantGroup section */

/* Begin XCBuildConfiguration section */
		DBC7655F20C7459D00D66822 /* Debug */ = {
			isa = XCBuildConfiguration;
			buildSettings = {
				ALWAYS_SEARCH_USER_PATHS = NO;
				CLANG_ANALYZER_NONNULL = YES;
				CLANG_ANALYZER_NUMBER_OBJECT_CONVERSION = YES_AGGRESSIVE;
				CLANG_CXX_LANGUAGE_STANDARD = "gnu++14";
				CLANG_CXX_LIBRARY = "libc++";
				CLANG_ENABLE_MODULES = YES;
				CLANG_ENABLE_OBJC_ARC = YES;
				CLANG_ENABLE_OBJC_WEAK = YES;
				CLANG_WARN_BLOCK_CAPTURE_AUTORELEASING = YES;
				CLANG_WARN_BOOL_CONVERSION = YES;
				CLANG_WARN_COMMA = YES;
				CLANG_WARN_CONSTANT_CONVERSION = YES;
				CLANG_WARN_DEPRECATED_OBJC_IMPLEMENTATIONS = YES;
				CLANG_WARN_DIRECT_OBJC_ISA_USAGE = YES_ERROR;
				CLANG_WARN_DOCUMENTATION_COMMENTS = YES;
				CLANG_WARN_EMPTY_BODY = YES;
				CLANG_WARN_ENUM_CONVERSION = YES;
				CLANG_WARN_INFINITE_RECURSION = YES;
				CLANG_WARN_INT_CONVERSION = YES;
				CLANG_WARN_NON_LITERAL_NULL_CONVERSION = YES;
				CLANG_WARN_OBJC_IMPLICIT_RETAIN_SELF = YES;
				CLANG_WARN_OBJC_LITERAL_CONVERSION = YES;
				CLANG_WARN_OBJC_ROOT_CLASS = YES_ERROR;
				CLANG_WARN_RANGE_LOOP_ANALYSIS = YES;
				CLANG_WARN_STRICT_PROTOTYPES = YES;
				CLANG_WARN_SUSPICIOUS_MOVE = YES;
				CLANG_WARN_UNGUARDED_AVAILABILITY = YES_AGGRESSIVE;
				CLANG_WARN_UNREACHABLE_CODE = YES;
				CLANG_WARN__DUPLICATE_METHOD_MATCH = YES;
				CODE_SIGN_IDENTITY = "iPhone Developer";
				COPY_PHASE_STRIP = NO;
				DEBUG_INFORMATION_FORMAT = dwarf;
				ENABLE_STRICT_OBJC_MSGSEND = YES;
				ENABLE_TESTABILITY = YES;
				GCC_C_LANGUAGE_STANDARD = gnu11;
				GCC_DYNAMIC_NO_PIC = NO;
				GCC_NO_COMMON_BLOCKS = YES;
				GCC_OPTIMIZATION_LEVEL = 0;
				GCC_PREPROCESSOR_DEFINITIONS = (
					"DEBUG=1",
					"$(inherited)",
				);
				GCC_WARN_64_TO_32_BIT_CONVERSION = YES;
				GCC_WARN_ABOUT_RETURN_TYPE = YES_ERROR;
				GCC_WARN_UNDECLARED_SELECTOR = YES;
				GCC_WARN_UNINITIALIZED_AUTOS = YES_AGGRESSIVE;
				GCC_WARN_UNUSED_FUNCTION = YES;
				GCC_WARN_UNUSED_VARIABLE = YES;
				IPHONEOS_DEPLOYMENT_TARGET = 12.0;
				MTL_ENABLE_DEBUG_INFO = INCLUDE_SOURCE;
				ONLY_ACTIVE_ARCH = YES;
				SDKROOT = iphoneos;
				SWIFT_ACTIVE_COMPILATION_CONDITIONS = DEBUG;
				SWIFT_OPTIMIZATION_LEVEL = "-Onone";
			};
			name = Debug;
		};
		DBC7656020C7459D00D66822 /* Release */ = {
			isa = XCBuildConfiguration;
			buildSettings = {
				ALWAYS_SEARCH_USER_PATHS = NO;
				CLANG_ANALYZER_NONNULL = YES;
				CLANG_ANALYZER_NUMBER_OBJECT_CONVERSION = YES_AGGRESSIVE;
				CLANG_CXX_LANGUAGE_STANDARD = "gnu++14";
				CLANG_CXX_LIBRARY = "libc++";
				CLANG_ENABLE_MODULES = YES;
				CLANG_ENABLE_OBJC_ARC = YES;
				CLANG_ENABLE_OBJC_WEAK = YES;
				CLANG_WARN_BLOCK_CAPTURE_AUTORELEASING = YES;
				CLANG_WARN_BOOL_CONVERSION = YES;
				CLANG_WARN_COMMA = YES;
				CLANG_WARN_CONSTANT_CONVERSION = YES;
				CLANG_WARN_DEPRECATED_OBJC_IMPLEMENTATIONS = YES;
				CLANG_WARN_DIRECT_OBJC_ISA_USAGE = YES_ERROR;
				CLANG_WARN_DOCUMENTATION_COMMENTS = YES;
				CLANG_WARN_EMPTY_BODY = YES;
				CLANG_WARN_ENUM_CONVERSION = YES;
				CLANG_WARN_INFINITE_RECURSION = YES;
				CLANG_WARN_INT_CONVERSION = YES;
				CLANG_WARN_NON_LITERAL_NULL_CONVERSION = YES;
				CLANG_WARN_OBJC_IMPLICIT_RETAIN_SELF = YES;
				CLANG_WARN_OBJC_LITERAL_CONVERSION = YES;
				CLANG_WARN_OBJC_ROOT_CLASS = YES_ERROR;
				CLANG_WARN_RANGE_LOOP_ANALYSIS = YES;
				CLANG_WARN_STRICT_PROTOTYPES = YES;
				CLANG_WARN_SUSPICIOUS_MOVE = YES;
				CLANG_WARN_UNGUARDED_AVAILABILITY = YES_AGGRESSIVE;
				CLANG_WARN_UNREACHABLE_CODE = YES;
				CLANG_WARN__DUPLICATE_METHOD_MATCH = YES;
				CODE_SIGN_IDENTITY = "iPhone Developer";
				COPY_PHASE_STRIP = NO;
				DEBUG_INFORMATION_FORMAT = "dwarf-with-dsym";
				ENABLE_NS_ASSERTIONS = NO;
				ENABLE_STRICT_OBJC_MSGSEND = YES;
				GCC_C_LANGUAGE_STANDARD = gnu11;
				GCC_NO_COMMON_BLOCKS = YES;
				GCC_WARN_64_TO_32_BIT_CONVERSION = YES;
				GCC_WARN_ABOUT_RETURN_TYPE = YES_ERROR;
				GCC_WARN_UNDECLARED_SELECTOR = YES;
				GCC_WARN_UNINITIALIZED_AUTOS = YES_AGGRESSIVE;
				GCC_WARN_UNUSED_FUNCTION = YES;
				GCC_WARN_UNUSED_VARIABLE = YES;
				IPHONEOS_DEPLOYMENT_TARGET = 12.0;
				MTL_ENABLE_DEBUG_INFO = NO;
				SDKROOT = iphoneos;
				SWIFT_COMPILATION_MODE = wholemodule;
				SWIFT_OPTIMIZATION_LEVEL = "-O";
				VALIDATE_PRODUCT = YES;
			};
			name = Release;
		};
		DBC7656220C7459D00D66822 /* Debug */ = {
			isa = XCBuildConfiguration;
			buildSettings = {
				ASSETCATALOG_COMPILER_APPICON_NAME = AppIcon;
				CODE_SIGN_STYLE = Automatic;
				INFOPLIST_FILE = "iOS12-Natural-Language-Recognizer/Info.plist";
				LD_RUNPATH_SEARCH_PATHS = (
					"$(inherited)",
					"@executable_path/Frameworks",
				);
				PRODUCT_BUNDLE_IDENTIFIER = "de.hansknoechel.iOS12-Natural-Language-Recognizer";
				PRODUCT_NAME = "$(TARGET_NAME)";
				SWIFT_VERSION = 4.2;
				TARGETED_DEVICE_FAMILY = "1,2";
			};
			name = Debug;
		};
		DBC7656320C7459D00D66822 /* Release */ = {
			isa = XCBuildConfiguration;
			buildSettings = {
				ASSETCATALOG_COMPILER_APPICON_NAME = AppIcon;
				CODE_SIGN_STYLE = Automatic;
				INFOPLIST_FILE = "iOS12-Natural-Language-Recognizer/Info.plist";
				LD_RUNPATH_SEARCH_PATHS = (
					"$(inherited)",
					"@executable_path/Frameworks",
				);
				PRODUCT_BUNDLE_IDENTIFIER = "de.hansknoechel.iOS12-Natural-Language-Recognizer";
				PRODUCT_NAME = "$(TARGET_NAME)";
				SWIFT_VERSION = 4.2;
				TARGETED_DEVICE_FAMILY = "1,2";
			};
			name = Release;
		};
/* End XCBuildConfiguration section */

/* Begin XCConfigurationList section */
		DBC7654A20C7459B00D66822 /* Build configuration list for PBXProject "iOS12-Natural-Language-Recognizer" */ = {
			isa = XCConfigurationList;
			buildConfigurations = (
				DBC7655F20C7459D00D66822 /* Debug */,
				DBC7656020C7459D00D66822 /* Release */,
			);
			defaultConfigurationIsVisible = 0;
			defaultConfigurationName = Release;
		};
		DBC7656120C7459D00D66822 /* Build configuration list for PBXNativeTarget "iOS12-Natural-Language-Recognizer" */ = {
			isa = XCConfigurationList;
			buildConfigurations = (
				DBC7656220C7459D00D66822 /* Debug */,
				DBC7656320C7459D00D66822 /* Release */,
			);
			defaultConfigurationIsVisible = 0;
			defaultConfigurationName = Release;
		};
/* End XCConfigurationList section */
	};
	rootObject = DBC7654720C7459B00D66822 /* Project object */;
}
